
Microsoft Visual Studio Solution File, Format Version 12.00
# Visual Studio Version 16
VisualStudioVersion = 16.0.31702.278
MinimumVisualStudioVersion = 10.0.40219.1
Project("{FAE04EC0-301F-11D3-BF4B-00C04F79EFBC}") = "Lab_4", "Lab_4\Lab_4.csproj", "{462D54D3-129F-49F2-BF41-E527BB4998CC}"
EndProject
Project("{9A19103F-16F7-4668-BE54-9A1E7A4F7556}") = "Test", "Test\Test.csproj", "{1888C436-E8F4-4C45-853E-5D5DCB1FD0D8}"
EndProject
Project("{9A19103F-16F7-4668-BE54-9A1E7A4F7556}") = "Lab_5", "Lab_5\Lab_5.csproj", "{07131FE2-8BEE-4526-822D-BA53A647E691}"
EndProject
Project("{FAE04EC0-301F-11D3-BF4B-00C04F79EFBC}") = "Lab_6", "Lab_6\Lab_6.csproj", "{3D906434-1519-4D30-AF3A-6E198EBE337D}"
EndProject
Project("{FAE04EC0-301F-11D3-BF4B-00C04F79EFBC}") = "Lab_7", "Lab_7\Lab_7.csproj", "{8478A8ED-E103-4B5A-A458-82A18227A0AD}"
EndProject
Project("{9A19103F-16F7-4668-BE54-9A1E7A4F7556}") = "Lab_8", "Lab_8\Lab_8.csproj", "{BF9C2004-9999-4115-AA6E-7C5618AC6EDD}"
EndProject
Project("{9A19103F-16F7-4668-BE54-9A1E7A4F7556}") = "Lab_9", "Lab_9\Lab_9.csproj", "{98565E7D-2F82-4F35-A507-0C312E7FEE26}"
EndProject
Project("{9A19103F-16F7-4668-BE54-9A1E7A4F7556}") = "Lab_10", "Lab_10\Lab_10.csproj", "{2DC74E1F-D11E-4E08-A42D-D2431E1405F1}"
EndProject
Project("{9A19103F-16F7-4668-BE54-9A1E7A4F7556}") = "Lab_11", "Lab_11\Lab_11.csproj", "{29A068E3-CF28-4117-B002-24F880F34BC2}"
EndProject
Project("{9A19103F-16F7-4668-BE54-9A1E7A4F7556}") = "Lab_12", "Lab_12\Lab_12.csproj", "{A5CCB577-BF05-4488-B0F4-74913F2F3BFE}"
EndProject
Project("{9A19103F-16F7-4668-BE54-9A1E7A4F7556}") = "Lab_13", "Lab_13\Lab_13.csproj", "{5F4F08B6-1D9D-45DF-9DD0-5D8C81038AA1}"
EndProject
Project("{9A19103F-16F7-4668-BE54-9A1E7A4F7556}") = "Lab_14", "Lab_14\Lab_14.csproj", "{1B30AF75-F369-45CD-8303-D532645C376C}"
EndProject
Project("{FAE04EC0-301F-11D3-BF4B-00C04F79EFBC}") = "Lab_15", "Lab_15\Lab_15.csproj", "{659A103A-E94D-4BB4-843C-EB40C1463B7B}"
EndProject
Project("{FAE04EC0-301F-11D3-BF4B-00C04F79EFBC}") = "Lab_16", "Lab_16\Lab_16.csproj", "{FD015667-BEB2-47A0-B95E-16925D158DE7}"
EndProject
Global
	GlobalSection(SolutionConfigurationPlatforms) = preSolution
		Debug|Any CPU = Debug|Any CPU
		Release|Any CPU = Release|Any CPU
	EndGlobalSection
	GlobalSection(ProjectConfigurationPlatforms) = postSolution
		{462D54D3-129F-49F2-BF41-E527BB4998CC}.Debug|Any CPU.ActiveCfg = Debug|Any CPU
		{462D54D3-129F-49F2-BF41-E527BB4998CC}.Debug|Any CPU.Build.0 = Debug|Any CPU
		{462D54D3-129F-49F2-BF41-E527BB4998CC}.Release|Any CPU.ActiveCfg = Release|Any CPU
		{462D54D3-129F-49F2-BF41-E527BB4998CC}.Release|Any CPU.Build.0 = Release|Any CPU
		{1888C436-E8F4-4C45-853E-5D5DCB1FD0D8}.Debug|Any CPU.ActiveCfg = Debug|Any CPU
		{1888C436-E8F4-4C45-853E-5D5DCB1FD0D8}.Debug|Any CPU.Build.0 = Debug|Any CPU
		{1888C436-E8F4-4C45-853E-5D5DCB1FD0D8}.Release|Any CPU.ActiveCfg = Release|Any CPU
		{1888C436-E8F4-4C45-853E-5D5DCB1FD0D8}.Release|Any CPU.Build.0 = Release|Any CPU
		{07131FE2-8BEE-4526-822D-BA53A647E691}.Debug|Any CPU.ActiveCfg = Debug|Any CPU
		{07131FE2-8BEE-4526-822D-BA53A647E691}.Debug|Any CPU.Build.0 = Debug|Any CPU
		{07131FE2-8BEE-4526-822D-BA53A647E691}.Release|Any CPU.ActiveCfg = Release|Any CPU
		{07131FE2-8BEE-4526-822D-BA53A647E691}.Release|Any CPU.Build.0 = Release|Any CPU
		{3D906434-1519-4D30-AF3A-6E198EBE337D}.Debug|Any CPU.ActiveCfg = Debug|Any CPU
		{3D906434-1519-4D30-AF3A-6E198EBE337D}.Debug|Any CPU.Build.0 = Debug|Any CPU
		{3D906434-1519-4D30-AF3A-6E198EBE337D}.Release|Any CPU.ActiveCfg = Release|Any CPU
		{3D906434-1519-4D30-AF3A-6E198EBE337D}.Release|Any CPU.Build.0 = Release|Any CPU
		{8478A8ED-E103-4B5A-A458-82A18227A0AD}.Debug|Any CPU.ActiveCfg = Debug|Any CPU
		{8478A8ED-E103-4B5A-A458-82A18227A0AD}.Debug|Any CPU.Build.0 = Debug|Any CPU
		{8478A8ED-E103-4B5A-A458-82A18227A0AD}.Release|Any CPU.ActiveCfg = Release|Any CPU
		{8478A8ED-E103-4B5A-A458-82A18227A0AD}.Release|Any CPU.Build.0 = Release|Any CPU
		{BF9C2004-9999-4115-AA6E-7C5618AC6EDD}.Debug|Any CPU.ActiveCfg = Debug|Any CPU
		{BF9C2004-9999-4115-AA6E-7C5618AC6EDD}.Debug|Any CPU.Build.0 = Debug|Any CPU
		{BF9C2004-9999-4115-AA6E-7C5618AC6EDD}.Release|Any CPU.ActiveCfg = Release|Any CPU
		{BF9C2004-9999-4115-AA6E-7C5618AC6EDD}.Release|Any CPU.Build.0 = Release|Any CPU
		{98565E7D-2F82-4F35-A507-0C312E7FEE26}.Debug|Any CPU.ActiveCfg = Debug|Any CPU
		{98565E7D-2F82-4F35-A507-0C312E7FEE26}.Debug|Any CPU.Build.0 = Debug|Any CPU
		{98565E7D-2F82-4F35-A507-0C312E7FEE26}.Release|Any CPU.ActiveCfg = Release|Any CPU
		{98565E7D-2F82-4F35-A507-0C312E7FEE26}.Release|Any CPU.Build.0 = Release|Any CPU
		{2DC74E1F-D11E-4E08-A42D-D2431E1405F1}.Debug|Any CPU.ActiveCfg = Debug|Any CPU
		{2DC74E1F-D11E-4E08-A42D-D2431E1405F1}.Debug|Any CPU.Build.0 = Debug|Any CPU
		{2DC74E1F-D11E-4E08-A42D-D2431E1405F1}.Release|Any CPU.ActiveCfg = Release|Any CPU
		{2DC74E1F-D11E-4E08-A42D-D2431E1405F1}.Release|Any CPU.Build.0 = Release|Any CPU
		{29A068E3-CF28-4117-B002-24F880F34BC2}.Debug|Any CPU.ActiveCfg = Debug|Any CPU
		{29A068E3-CF28-4117-B002-24F880F34BC2}.Debug|Any CPU.Build.0 = Debug|Any CPU
		{29A068E3-CF28-4117-B002-24F880F34BC2}.Release|Any CPU.ActiveCfg = Release|Any CPU
		{29A068E3-CF28-4117-B002-24F880F34BC2}.Release|Any CPU.Build.0 = Release|Any CPU
		{A5CCB577-BF05-4488-B0F4-74913F2F3BFE}.Debug|Any CPU.ActiveCfg = Debug|Any CPU
		{A5CCB577-BF05-4488-B0F4-74913F2F3BFE}.Debug|Any CPU.Build.0 = Debug|Any CPU
		{A5CCB577-BF05-4488-B0F4-74913F2F3BFE}.Release|Any CPU.ActiveCfg = Release|Any CPU
		{A5CCB577-BF05-4488-B0F4-74913F2F3BFE}.Release|Any CPU.Build.0 = Release|Any CPU
		{5F4F08B6-1D9D-45DF-9DD0-5D8C81038AA1}.Debug|Any CPU.ActiveCfg = Debug|Any CPU
		{5F4F08B6-1D9D-45DF-9DD0-5D8C81038AA1}.Debug|Any CPU.Build.0 = Debug|Any CPU
		{5F4F08B6-1D9D-45DF-9DD0-5D8C81038AA1}.Release|Any CPU.ActiveCfg = Release|Any CPU
		{5F4F08B6-1D9D-45DF-9DD0-5D8C81038AA1}.Release|Any CPU.Build.0 = Release|Any CPU
		{1B30AF75-F369-45CD-8303-D532645C376C}.Debug|Any CPU.ActiveCfg = Debug|Any CPU
		{1B30AF75-F369-45CD-8303-D532645C376C}.Debug|Any CPU.Build.0 = Debug|Any CPU
		{1B30AF75-F369-45CD-8303-D532645C376C}.Release|Any CPU.ActiveCfg = Release|Any CPU
		{1B30AF75-F369-45CD-8303-D532645C376C}.Release|Any CPU.Build.0 = Release|Any CPU
		{659A103A-E94D-4BB4-843C-EB40C1463B7B}.Debug|Any CPU.ActiveCfg = Debug|Any CPU
		{659A103A-E94D-4BB4-843C-EB40C1463B7B}.Debug|Any CPU.Build.0 = Debug|Any CPU
		{659A103A-E94D-4BB4-843C-EB40C1463B7B}.Release|Any CPU.ActiveCfg = Release|Any CPU
		{659A103A-E94D-4BB4-843C-EB40C1463B7B}.Release|Any CPU.Build.0 = Release|Any CPU
		{FD015667-BEB2-47A0-B95E-16925D158DE7}.Debug|Any CPU.ActiveCfg = Debug|Any CPU
		{FD015667-BEB2-47A0-B95E-16925D158DE7}.Debug|Any CPU.Build.0 = Debug|Any CPU
		{FD015667-BEB2-47A0-B95E-16925D158DE7}.Release|Any CPU.ActiveCfg = Release|Any CPU
		{FD015667-BEB2-47A0-B95E-16925D158DE7}.Release|Any CPU.Build.0 = Release|Any CPU
	EndGlobalSection
	GlobalSection(SolutionProperties) = preSolution
		HideSolutionNode = FALSE
	EndGlobalSection
	GlobalSection(ExtensibilityGlobals) = postSolution
		SolutionGuid = {22F0C032-987A-49F3-B755-1BEE393245E2}
	EndGlobalSection
EndGlobal
